// !$*UTF8*$!
{
	archiveVersion = 1;
	classes = {
	};
	objectVersion = 48;
	objects = {

/* Begin PBXBuildFile section */
		348942691FBEABB700BE2BBE /* AppDelegate.m in Sources */ = {isa = PBXBuildFile; fileRef = 348942681FBEABB700BE2BBE /* AppDelegate.m */; };
		3489426C1FBEABB700BE2BBE /* ViewController.m in Sources */ = {isa = PBXBuildFile; fileRef = 3489426B1FBEABB700BE2BBE /* ViewController.m */; };
		3489426F1FBEABB700BE2BBE /* Main.storyboard in Resources */ = {isa = PBXBuildFile; fileRef = 3489426D1FBEABB700BE2BBE /* Main.storyboard */; };
		348942711FBEABB700BE2BBE /* Assets.xcassets in Resources */ = {isa = PBXBuildFile; fileRef = 348942701FBEABB700BE2BBE /* Assets.xcassets */; };
		348942741FBEABB700BE2BBE /* LaunchScreen.storyboard in Resources */ = {isa = PBXBuildFile; fileRef = 348942721FBEABB700BE2BBE /* LaunchScreen.storyboard */; };
		348942771FBEABB700BE2BBE /* main.m in Sources */ = {isa = PBXBuildFile; fileRef = 348942761FBEABB700BE2BBE /* main.m */; };
		348942831FBEACE900BE2BBE /* QL_CustomFlowLayout.m in Sources */ = {isa = PBXBuildFile; fileRef = 348942821FBEACE900BE2BBE /* QL_CustomFlowLayout.m */; };
		348942861FBEADDE00BE2BBE /* MarkChoseVC.m in Sources */ = {isa = PBXBuildFile; fileRef = 348942851FBEADDE00BE2BBE /* MarkChoseVC.m */; };
		348942891FBEAE0500BE2BBE /* MarkItemCell.m in Sources */ = {isa = PBXBuildFile; fileRef = 348942881FBEAE0500BE2BBE /* MarkItemCell.m */; };
/* End PBXBuildFile section */

/* Begin PBXFileReference section */
		348942641FBEABB700BE2BBE /* MarkChoseView.app */ = {isa = PBXFileReference; explicitFileType = wrapper.application; includeInIndex = 0; path = MarkChoseView.app; sourceTree = BUILT_PRODUCTS_DIR; };
		348942671FBEABB700BE2BBE /* AppDelegate.h */ = {isa = PBXFileReference; lastKnownFileType = sourcecode.c.h; path = AppDelegate.h; sourceTree = "<group>"; };
		348942681FBEABB700BE2BBE /* AppDelegate.m */ = {isa = PBXFileReference; lastKnownFileType = sourcecode.c.objc; path = AppDelegate.m; sourceTree = "<group>"; };
		3489426A1FBEABB700BE2BBE /* ViewController.h */ = {isa = PBXFileReference; lastKnownFileType = sourcecode.c.h; path = ViewController.h; sourceTree = "<group>"; };
		3489426B1FBEABB700BE2BBE /* ViewController.m */ = {isa = PBXFileReference; lastKnownFileType = sourcecode.c.objc; path = ViewController.m; sourceTree = "<group>"; };
		3489426E1FBEABB700BE2BBE /* Base */ = {isa = PBXFileReference; lastKnownFileType = file.storyboard; name = Base; path = Base.lproj/Main.storyboard; sourceTree = "<group>"; };
		348942701FBEABB700BE2BBE /* Assets.xcassets */ = {isa = PBXFileReference; lastKnownFileType = folder.assetcatalog; path = Assets.xcassets; sourceTree = "<group>"; };
		348942731FBEABB700BE2BBE /* Base */ = {isa = PBXFileReference; lastKnownFileType = file.storyboard; name = Base; path = Base.lproj/LaunchScreen.storyboard; sourceTree = "<group>"; };
		348942751FBEABB700BE2BBE /* Info.plist */ = {isa = PBXFileReference; lastKnownFileType = text.plist.xml; path = Info.plist; sourceTree = "<group>"; };
		348942761FBEABB700BE2BBE /* main.m */ = {isa = PBXFileReference; lastKnownFileType = sourcecode.c.objc; path = main.m; sourceTree = "<group>"; };
		348942811FBEACE900BE2BBE /* QL_CustomFlowLayout.h */ = {isa = PBXFileReference; lastKnownFileType = sourcecode.c.h; path = QL_CustomFlowLayout.h; sourceTree = "<group>"; };
		348942821FBEACE900BE2BBE /* QL_CustomFlowLayout.m */ = {isa = PBXFileReference; lastKnownFileType = sourcecode.c.objc; path = QL_CustomFlowLayout.m; sourceTree = "<group>"; };
		348942841FBEADDE00BE2BBE /* MarkChoseVC.h */ = {isa = PBXFileReference; lastKnownFileType = sourcecode.c.h; path = MarkChoseVC.h; sourceTree = "<group>"; };
		348942851FBEADDE00BE2BBE /* MarkChoseVC.m */ = {isa = PBXFileReference; lastKnownFileType = sourcecode.c.objc; path = MarkChoseVC.m; sourceTree = "<group>"; };
		348942871FBEAE0500BE2BBE /* MarkItemCell.h */ = {isa = PBXFileReference; lastKnownFileType = sourcecode.c.h; path = MarkItemCell.h; sourceTree = "<group>"; };
		348942881FBEAE0500BE2BBE /* MarkItemCell.m */ = {isa = PBXFileReference; lastKnownFileType = sourcecode.c.objc; path = MarkItemCell.m; sourceTree = "<group>"; };
		3489428A1FBEB52B00BE2BBE /* config.h */ = {isa = PBXFileReference; lastKnownFileType = sourcecode.c.h; path = config.h; sourceTree = "<group>"; };
/* End PBXFileReference section */

/* Begin PBXFrameworksBuildPhase section */
		348942611FBEABB700BE2BBE /* Frameworks */ = {
			isa = PBXFrameworksBuildPhase;
			buildActionMask = 2147483647;
			files = (
			);
			runOnlyForDeploymentPostprocessing = 0;
		};
/* End PBXFrameworksBuildPhase section */

/* Begin PBXGroup section */
		3489425B1FBEABB700BE2BBE = {
			isa = PBXGroup;
			children = (
				348942661FBEABB700BE2BBE /* MarkChoseView */,
				348942651FBEABB700BE2BBE /* Products */,
			);
			sourceTree = "<group>";
		};
		348942651FBEABB700BE2BBE /* Products */ = {
			isa = PBXGroup;
			children = (
				348942641FBEABB700BE2BBE /* MarkChoseView.app */,
			);
			name = Products;
			sourceTree = "<group>";
		};
		348942661FBEABB700BE2BBE /* MarkChoseView */ = {
			isa = PBXGroup;
			children = (
				3489427D1FBEAC0400BE2BBE /* MarkChose */,
				348942671FBEABB700BE2BBE /* AppDelegate.h */,
				348942681FBEABB700BE2BBE /* AppDelegate.m */,
				3489426A1FBEABB700BE2BBE /* ViewController.h */,
				3489426B1FBEABB700BE2BBE /* ViewController.m */,
				3489426D1FBEABB700BE2BBE /* Main.storyboard */,
				348942701FBEABB700BE2BBE /* Assets.xcassets */,
				348942721FBEABB700BE2BBE /* LaunchScreen.storyboard */,
				348942751FBEABB700BE2BBE /* Info.plist */,
				348942761FBEABB700BE2BBE /* main.m */,
			);
			path = MarkChoseView;
			sourceTree = "<group>";
		};
		3489427D1FBEAC0400BE2BBE /* MarkChose */ = {
			isa = PBXGroup;
			children = (
				348942811FBEACE900BE2BBE /* QL_CustomFlowLayout.h */,
				348942821FBEACE900BE2BBE /* QL_CustomFlowLayout.m */,
				348942841FBEADDE00BE2BBE /* MarkChoseVC.h */,
				348942851FBEADDE00BE2BBE /* MarkChoseVC.m */,
				348942871FBEAE0500BE2BBE /* MarkItemCell.h */,
				348942881FBEAE0500BE2BBE /* MarkItemCell.m */,
				3489428A1FBEB52B00BE2BBE /* config.h */,
			);
			path = MarkChose;
			sourceTree = "<group>";
		};
/* End PBXGroup section */

/* Begin PBXNativeTarget section */
		348942631FBEABB700BE2BBE /* MarkChoseView */ = {
			isa = PBXNativeTarget;
			buildConfigurationList = 3489427A1FBEABB700BE2BBE /* Build configuration list for PBXNativeTarget "MarkChoseView" */;
			buildPhases = (
				348942601FBEABB700BE2BBE /* Sources */,
				348942611FBEABB700BE2BBE /* Frameworks */,
				348942621FBEABB700BE2BBE /* Resources */,
			);
			buildRules = (
			);
			dependencies = (
			);
			name = MarkChoseView;
			productName = MarkChoseView;
			productReference = 348942641FBEABB700BE2BBE /* MarkChoseView.app */;
			productType = "com.apple.product-type.application";
		};
/* End PBXNativeTarget section */

/* Begin PBXProject section */
		3489425C1FBEABB700BE2BBE /* Project object */ = {
			isa = PBXProject;
			attributes = {
				LastUpgradeCheck = 0910;
				ORGANIZATIONNAME = "龙青磊";
				TargetAttributes = {
					348942631FBEABB700BE2BBE = {
						CreatedOnToolsVersion = 9.1;
						ProvisioningStyle = Automatic;
					};
				};
			};
			buildConfigurationList = 3489425F1FBEABB700BE2BBE /* Build configuration list for PBXProject "MarkChoseView" */;
			compatibilityVersion = "Xcode 8.0";
			developmentRegion = en;
			hasScannedForEncodings = 0;
			knownRegions = (
				en,
				Base,
			);
			mainGroup = 3489425B1FBEABB700BE2BBE;
			productRefGroup = 348942651FBEABB700BE2BBE /* Products */;
			projectDirPath = "";
			projectRoot = "";
			targets = (
				348942631FBEABB700BE2BBE /* MarkChoseView */,
			);
		};
/* End PBXProject section */

/* Begin PBXResourcesBuildPhase section */
		348942621FBEABB700BE2BBE /* Resources */ = {
			isa = PBXResourcesBuildPhase;
			buildActionMask = 2147483647;
			files = (
				348942741FBEABB700BE2BBE /* LaunchScreen.storyboard in Resources */,
				348942711FBEABB700BE2BBE /* Assets.xcassets in Resources */,
				3489426F1FBEABB700BE2BBE /* Main.storyboard in Resources */,
			);
			runOnlyForDeploymentPostprocessing = 0;
		};
/* End PBXResourcesBuildPhase section */

/* Begin PBXSourcesBuildPhase section */
		348942601FBEABB700BE2BBE /* Sources */ = {
			isa = PBXSourcesBuildPhase;
			buildActionMask = 2147483647;
			files = (
				348942831FBEACE900BE2BBE /* QL_CustomFlowLayout.m in Sources */,
				3489426C1FBEABB700BE2BBE /* ViewController.m in Sources */,
				348942771FBEABB700BE2BBE /* main.m in Sources */,
				348942691FBEABB700BE2BBE /* AppDelegate.m in Sources */,
				348942861FBEADDE00BE2BBE /* MarkChoseVC.m in Sources */,
				348942891FBEAE0500BE2BBE /* MarkItemCell.m in Sources */,
			);
			runOnlyForDeploymentPostprocessing = 0;
		};
/* End PBXSourcesBuildPhase section */

/* Begin PBXVariantGroup section */
		3489426D1FBEABB700BE2BBE /* Main.storyboard */ = {
			isa = PBXVariantGroup;
			children = (
				3489426E1FBEABB700BE2BBE /* Base */,
			);
			name = Main.storyboard;
			sourceTree = "<group>";
		};
		348942721FBEABB700BE2BBE /* LaunchScreen.storyboard */ = {
			isa = PBXVariantGroup;
			children = (
				348942731FBEABB700BE2BBE /* Base */,
			);
			name = LaunchScreen.storyboard;
			sourceTree = "<group>";
		};
/* End PBXVariantGroup section */

/* Begin XCBuildConfiguration section */
		348942781FBEABB700BE2BBE /* Debug */ = {
			isa = XCBuildConfiguration;
			buildSettings = {
				ALWAYS_SEARCH_USER_PATHS = NO;
				CLANG_ANALYZER_NONNULL = YES;
				CLANG_ANALYZER_NUMBER_OBJECT_CONVERSION = YES_AGGRESSIVE;
				CLANG_CXX_LANGUAGE_STANDARD = "gnu++14";
				CLANG_CXX_LIBRARY = "libc++";
				CLANG_ENABLE_MODULES = YES;
				CLANG_ENABLE_OBJC_ARC = YES;
				CLANG_WARN_BLOCK_CAPTURE_AUTORELEASING = YES;
				CLANG_WARN_BOOL_CONVERSION = YES;
				CLANG_WARN_COMMA = YES;
				CLANG_WARN_CONSTANT_CONVERSION = YES;
				CLANG_WARN_DIRECT_OBJC_ISA_USAGE = YES_ERROR;
				CLANG_WARN_DOCUMENTATION_COMMENTS = YES;
				CLANG_WARN_EMPTY_BODY = YES;
				CLANG_WARN_ENUM_CONVERSION = YES;
				CLANG_WARN_INFINITE_RECURSION = YES;
				CLANG_WARN_INT_CONVERSION = YES;
				CLANG_WARN_NON_LITERAL_NULL_CONVERSION = YES;
				CLANG_WARN_OBJC_LITERAL_CONVERSION = YES;
				CLANG_WARN_OBJC_ROOT_CLASS = YES_ERROR;
				CLANG_WARN_RANGE_LOOP_ANALYSIS = YES;
				CLANG_WARN_STRICT_PROTOTYPES = YES;
				CLANG_WARN_SUSPICIOUS_MOVE = YES;
				CLANG_WARN_UNGUARDED_AVAILABILITY = YES_AGGRESSIVE;
				CLANG_WARN_UNREACHABLE_CODE = YES;
				CLANG_WARN__DUPLICATE_METHOD_MATCH = YES;
				CODE_SIGN_IDENTITY = "iPhone Developer";
				COPY_PHASE_STRIP = NO;
				DEBUG_INFORMATION_FORMAT = dwarf;
				ENABLE_STRICT_OBJC_MSGSEND = YES;
				ENABLE_TESTABILITY = YES;
				GCC_C_LANGUAGE_STANDARD = gnu11;
				GCC_DYNAMIC_NO_PIC = NO;
				GCC_NO_COMMON_BLOCKS = YES;
				GCC_OPTIMIZATION_LEVEL = 0;
				GCC_PREPROCESSOR_DEFINITIONS = (
					"DEBUG=1",
					"$(inherited)",
				);
				GCC_WARN_64_TO_32_BIT_CONVERSION = YES;
				GCC_WARN_ABOUT_RETURN_TYPE = YES_ERROR;
				GCC_WARN_UNDECLARED_SELECTOR = YES;
				GCC_WARN_UNINITIALIZED_AUTOS = YES_AGGRESSIVE;
				GCC_WARN_UNUSED_FUNCTION = YES;
				GCC_WARN_UNUSED_VARIABLE = YES;
				IPHONEOS_DEPLOYMENT_TARGET = 11.1;
				MTL_ENABLE_DEBUG_INFO = YES;
				ONLY_ACTIVE_ARCH = YES;
				SDKROOT = iphoneos;
			};
			name = Debug;
		};
		348942791FBEABB700BE2BBE /* Release */ = {
			isa = XCBuildConfiguration;
			buildSettings = {
				ALWAYS_SEARCH_USER_PATHS = NO;
				CLANG_ANALYZER_NONNULL = YES;
				CLANG_ANALYZER_NUMBER_OBJECT_CONVERSION = YES_AGGRESSIVE;
				CLANG_CXX_LANGUAGE_STANDARD = "gnu++14";
				CLANG_CXX_LIBRARY = "libc++";
				CLANG_ENABLE_MODULES = YES;
				CLANG_ENABLE_OBJC_ARC = YES;
				CLANG_WARN_BLOCK_CAPTURE_AUTORELEASING = YES;
				CLANG_WARN_BOOL_CONVERSION = YES;
				CLANG_WARN_COMMA = YES;
				CLANG_WARN_CONSTANT_CONVERSION = YES;
				CLANG_WARN_DIRECT_OBJC_ISA_USAGE = YES_ERROR;
				CLANG_WARN_DOCUMENTATION_COMMENTS = YES;
				CLANG_WARN_EMPTY_BODY = YES;
				CLANG_WARN_ENUM_CONVERSION = YES;
				CLANG_WARN_INFINITE_RECURSION = YES;
				CLANG_WARN_INT_CONVERSION = YES;
				CLANG_WARN_NON_LITERAL_NULL_CONVERSION = YES;
				CLANG_WARN_OBJC_LITERAL_CONVERSION = YES;
				CLANG_WARN_OBJC_ROOT_CLASS = YES_ERROR;
				CLANG_WARN_RANGE_LOOP_ANALYSIS = YES;
				CLANG_WARN_STRICT_PROTOTYPES = YES;
				CLANG_WARN_SUSPICIOUS_MOVE = YES;
				CLANG_WARN_UNGUARDED_AVAILABILITY = YES_AGGRESSIVE;
				CLANG_WARN_UNREACHABLE_CODE = YES;
				CLANG_WARN__DUPLICATE_METHOD_MATCH = YES;
				CODE_SIGN_IDENTITY = "iPhone Developer";
				COPY_PHASE_STRIP = NO;
				DEBUG_INFORMATION_FORMAT = "dwarf-with-dsym";
				ENABLE_NS_ASSERTIONS = NO;
				ENABLE_STRICT_OBJC_MSGSEND = YES;
				GCC_C_LANGUAGE_STANDARD = gnu11;
				GCC_NO_COMMON_BLOCKS = YES;
				GCC_WARN_64_TO_32_BIT_CONVERSION = YES;
				GCC_WARN_ABOUT_RETURN_TYPE = YES_ERROR;
				GCC_WARN_UNDECLARED_SELECTOR = YES;
				GCC_WARN_UNINITIALIZED_AUTOS = YES_AGGRESSIVE;
				GCC_WARN_UNUSED_FUNCTION = YES;
				GCC_WARN_UNUSED_VARIABLE = YES;
				IPHONEOS_DEPLOYMENT_TARGET = 11.1;
				MTL_ENABLE_DEBUG_INFO = NO;
				SDKROOT = iphoneos;
				VALIDATE_PRODUCT = YES;
			};
			name = Release;
		};
		3489427B1FBEABB700BE2BBE /* Debug */ = {
			isa = XCBuildConfiguration;
			buildSettings = {
				ASSETCATALOG_COMPILER_APPICON_NAME = AppIcon;
				CODE_SIGN_STYLE = Automatic;
				DEVELOPMENT_TEAM = RFYYVWNYAQ;
				INFOPLIST_FILE = MarkChoseView/Info.plist;
				LD_RUNPATH_SEARCH_PATHS = "$(inherited) @executable_path/Frameworks";
				PRODUCT_BUNDLE_IDENTIFIER = com.xfkeji.MarkChoseView;
				PRODUCT_NAME = "$(TARGET_NAME)";
				TARGETED_DEVICE_FAMILY = "1,2";
			};
			name = Debug;
		};
		3489427C1FBEABB700BE2BBE /* Release */ = {
			isa = XCBuildConfiguration;
			buildSettings = {
				ASSETCATALOG_COMPILER_APPICON_NAME = AppIcon;
				CODE_SIGN_STYLE = Automatic;
				DEVELOPMENT_TEAM = RFYYVWNYAQ;
				INFOPLIST_FILE = MarkChoseView/Info.plist;
				LD_RUNPATH_SEARCH_PATHS = "$(inherited) @executable_path/Frameworks";
				PRODUCT_BUNDLE_IDENTIFIER = com.xfkeji.MarkChoseView;
				PRODUCT_NAME = "$(TARGET_NAME)";
				TARGETED_DEVICE_FAMILY = "1,2";
			};
			name = Release;
		};
/* End XCBuildConfiguration section */

/* Begin XCConfigurationList section */
		3489425F1FBEABB700BE2BBE /* Build configuration list for PBXProject "MarkChoseView" */ = {
			isa = XCConfigurationList;
			buildConfigurations = (
				348942781FBEABB700BE2BBE /* Debug */,
				348942791FBEABB700BE2BBE /* Release */,
			);
			defaultConfigurationIsVisible = 0;
			defaultConfigurationName = Release;
		};
		3489427A1FBEABB700BE2BBE /* Build configuration list for PBXNativeTarget "MarkChoseView" */ = {
			isa = XCConfigurationList;
			buildConfigurations = (
				3489427B1FBEABB700BE2BBE /* Debug */,
				3489427C1FBEABB700BE2BBE /* Release */,
			);
			defaultConfigurationIsVisible = 0;
			defaultConfigurationName = Release;
		};
/* End XCConfigurationList section */
	};
	rootObject = 3489425C1FBEABB700BE2BBE /* Project object */;
}
